
Microsoft Visual Studio Solution File, Format Version 12.00
# Visual Studio Version 16
VisualStudioVersion = 16.0.29806.167
MinimumVisualStudioVersion = 10.0.40219.1
Project("{9A19103F-16F7-4668-BE54-9A1E7A4F7556}") = "skinet", "skinet\skinet.csproj", "{D66741AB-5217-41C0-9F31-943ECF9B36F9}"
EndProject
Project("{9A19103F-16F7-4668-BE54-9A1E7A4F7556}") = "Core", "Core\Core.csproj", "{9E8778C0-401D-470C-9C26-6ABA1A906DE0}"
EndProject
Project("{FAE04EC0-301F-11D3-BF4B-00C04F79EFBC}") = "Insfrastructure", "Insfrastructure\Insfrastructure.csproj", "{F7E91667-B913-43FE-82CF-35CD4AC5BF1B}"
EndProject
Global
	GlobalSection(SolutionConfigurationPlatforms) = preSolution
		Debug|Any CPU = Debug|Any CPU
		Release|Any CPU = Release|Any CPU
	EndGlobalSection
	GlobalSection(ProjectConfigurationPlatforms) = postSolution
		{D66741AB-5217-41C0-9F31-943ECF9B36F9}.Debug|Any CPU.ActiveCfg = Debug|Any CPU
		{D66741AB-5217-41C0-9F31-943ECF9B36F9}.Debug|Any CPU.Build.0 = Debug|Any CPU
		{D66741AB-5217-41C0-9F31-943ECF9B36F9}.Release|Any CPU.ActiveCfg = Release|Any CPU
		{D66741AB-5217-41C0-9F31-943ECF9B36F9}.Release|Any CPU.Build.0 = Release|Any CPU
		{9E8778C0-401D-470C-9C26-6ABA1A906DE0}.Debug|Any CPU.ActiveCfg = Debug|Any CPU
		{9E8778C0-401D-470C-9C26-6ABA1A906DE0}.Debug|Any CPU.Build.0 = Debug|Any CPU
		{9E8778C0-401D-470C-9C26-6ABA1A906DE0}.Release|Any CPU.ActiveCfg = Release|Any CPU
		{9E8778C0-401D-470C-9C26-6ABA1A906DE0}.Release|Any CPU.Build.0 = Release|Any CPU
		{F7E91667-B913-43FE-82CF-35CD4AC5BF1B}.Debug|Any CPU.ActiveCfg = Debug|Any CPU
		{F7E91667-B913-43FE-82CF-35CD4AC5BF1B}.Debug|Any CPU.Build.0 = Debug|Any CPU
		{F7E91667-B913-43FE-82CF-35CD4AC5BF1B}.Release|Any CPU.ActiveCfg = Release|Any CPU
		{F7E91667-B913-43FE-82CF-35CD4AC5BF1B}.Release|Any CPU.Build.0 = Release|Any CPU
	EndGlobalSection
	GlobalSection(SolutionProperties) = preSolution
		HideSolutionNode = FALSE
	EndGlobalSection
	GlobalSection(ExtensibilityGlobals) = postSolution
		SolutionGuid = {C82A959D-782B-4FB8-AB76-E69D0F3F0AAE}
	EndGlobalSection
EndGlobal
